
Microsoft Visual Studio Solution File, Format Version 12.00
# Visual Studio Version 16
VisualStudioVersion = 25.0.1706.1
MinimumVisualStudioVersion = 10.0.40219.1
Project("{FAE04EC0-301F-11D3-BF4B-00C04F79EFBC}") = "DrivingSimulation", "DrivingSimulation\DrivingSimulation.csproj", "{BBA84660-28B2-43D5-B66F-1897242988E6}"
EndProject
Global
	GlobalSection(SolutionConfigurationPlatforms) = preSolution
		Debug|Any CPU = Debug|Any CPU
		Release|Any CPU = Release|Any CPU
	EndGlobalSection
	GlobalSection(ProjectConfigurationPlatforms) = postSolution
		{BBA84660-28B2-43D5-B66F-1897242988E6}.Debug|Any CPU.ActiveCfg = Debug|Any CPU
		{BBA84660-28B2-43D5-B66F-1897242988E6}.Debug|Any CPU.Build.0 = Debug|Any CPU
		{BBA84660-28B2-43D5-B66F-1897242988E6}.Release|Any CPU.ActiveCfg = Release|Any CPU
		{BBA84660-28B2-43D5-B66F-1897242988E6}.Release|Any CPU.Build.0 = Release|Any CPU
	EndGlobalSection
	GlobalSection(SolutionProperties) = preSolution
		HideSolutionNode = FALSE
	EndGlobalSection
	GlobalSection(ExtensibilityGlobals) = postSolution
		SolutionGuid = {B31F6382-5ABE-431D-9AA3-1B27AE06C32B}
	EndGlobalSection
EndGlobal
